// !$*UTF8*$!
{
	archiveVersion = 1;
	classes = {
	};
	objectVersion = 77;
	objects = {

/* Begin PBXBuildFile section */
		B34C7C642D844A3600F228A2 /* FirebaseAnalytics in Frameworks */ = {isa = PBXBuildFile; productRef = B34C7C632D844A3600F228A2 /* FirebaseAnalytics */; };
		B34C7C662D844A3600F228A2 /* FirebaseAnalyticsWithoutAdIdSupport in Frameworks */ = {isa = PBXBuildFile; productRef = B34C7C652D844A3600F228A2 /* FirebaseAnalyticsWithoutAdIdSupport */; };
		B34C7C682D844A3600F228A2 /* FirebaseAuth in Frameworks */ = {isa = PBXBuildFile; productRef = B34C7C672D844A3600F228A2 /* FirebaseAuth */; };
		B34C7C6A2D844A3600F228A2 /* FirebaseAuthCombine-Community in Frameworks */ = {isa = PBXBuildFile; productRef = B34C7C692D844A3600F228A2 /* FirebaseAuthCombine-Community */; };
		B34C7C6C2D844A3600F228A2 /* FirebaseCore in Frameworks */ = {isa = PBXBuildFile; productRef = B34C7C6B2D844A3600F228A2 /* FirebaseCore */; };
		B34C7C6E2D844A3600F228A2 /* FirebaseDatabase in Frameworks */ = {isa = PBXBuildFile; productRef = B34C7C6D2D844A3600F228A2 /* FirebaseDatabase */; };
		B34C7C702D844A3600F228A2 /* FirebaseFirestore in Frameworks */ = {isa = PBXBuildFile; productRef = B34C7C6F2D844A3600F228A2 /* FirebaseFirestore */; };
		B34C7C722D844A3600F228A2 /* FirebaseFunctions in Frameworks */ = {isa = PBXBuildFile; productRef = B34C7C712D844A3600F228A2 /* FirebaseFunctions */; };
		B34C7C742D844A3600F228A2 /* FirebaseFunctionsCombine-Community in Frameworks */ = {isa = PBXBuildFile; productRef = B34C7C732D844A3600F228A2 /* FirebaseFunctionsCombine-Community */; };
		B34C7C762D844A3600F228A2 /* FirebaseStorage in Frameworks */ = {isa = PBXBuildFile; productRef = B34C7C752D844A3600F228A2 /* FirebaseStorage */; };
/* End PBXBuildFile section */

/* Begin PBXFileReference section */
		B34C7C142D84487D00F228A2 /* Baserh.app */ = {isa = PBXFileReference; explicitFileType = wrapper.application; includeInIndex = 0; path = Baserh.app; sourceTree = BUILT_PRODUCTS_DIR; };
/* End PBXFileReference section */

/* Begin PBXFileSystemSynchronizedRootGroup section */
		B34C7C162D84487D00F228A2 /* Baserh */ = {
			isa = PBXFileSystemSynchronizedRootGroup;
			path = Baserh;
			sourceTree = "<group>";
		};
/* End PBXFileSystemSynchronizedRootGroup section */

/* Begin PBXFrameworksBuildPhase section */
		B34C7C112D84487D00F228A2 /* Frameworks */ = {
			isa = PBXFrameworksBuildPhase;
			buildActionMask = 2147483647;
			files = (
				B34C7C6E2D844A3600F228A2 /* FirebaseDatabase in Frameworks */,
				B34C7C642D844A3600F228A2 /* FirebaseAnalytics in Frameworks */,
				B34C7C742D844A3600F228A2 /* FirebaseFunctionsCombine-Community in Frameworks */,
				B34C7C762D844A3600F228A2 /* FirebaseStorage in Frameworks */,
				B34C7C6C2D844A3600F228A2 /* FirebaseCore in Frameworks */,
				B34C7C722D844A3600F228A2 /* FirebaseFunctions in Frameworks */,
				B34C7C682D844A3600F228A2 /* FirebaseAuth in Frameworks */,
				B34C7C662D844A3600F228A2 /* FirebaseAnalyticsWithoutAdIdSupport in Frameworks */,
				B34C7C6A2D844A3600F228A2 /* FirebaseAuthCombine-Community in Frameworks */,
				B34C7C702D844A3600F228A2 /* FirebaseFirestore in Frameworks */,
			);
			runOnlyForDeploymentPostprocessing = 0;
		};
/* End PBXFrameworksBuildPhase section */

/* Begin PBXGroup section */
		B34C7C0B2D84487D00F228A2 = {
			isa = PBXGroup;
			children = (
				B34C7C162D84487D00F228A2 /* Baserh */,
				B34C7C152D84487D00F228A2 /* Products */,
			);
			sourceTree = "<group>";
		};
		B34C7C152D84487D00F228A2 /* Products */ = {
			isa = PBXGroup;
			children = (
				B34C7C142D84487D00F228A2 /* Baserh.app */,
			);
			name = Products;
			sourceTree = "<group>";
		};
/* End PBXGroup section */

/* Begin PBXNativeTarget section */
		B34C7C132D84487D00F228A2 /* Baserh */ = {
			isa = PBXNativeTarget;
			buildConfigurationList = B34C7C222D84487E00F228A2 /* Build configuration list for PBXNativeTarget "Baserh" */;
			buildPhases = (
				B34C7C102D84487D00F228A2 /* Sources */,
				B34C7C112D84487D00F228A2 /* Frameworks */,
				B34C7C122D84487D00F228A2 /* Resources */,
			);
			buildRules = (
			);
			dependencies = (
			);
			fileSystemSynchronizedGroups = (
				B34C7C162D84487D00F228A2 /* Baserh */,
			);
			name = Baserh;
			packageProductDependencies = (
				B34C7C632D844A3600F228A2 /* FirebaseAnalytics */,
				B34C7C652D844A3600F228A2 /* FirebaseAnalyticsWithoutAdIdSupport */,
				B34C7C672D844A3600F228A2 /* FirebaseAuth */,
				B34C7C692D844A3600F228A2 /* FirebaseAuthCombine-Community */,
				B34C7C6B2D844A3600F228A2 /* FirebaseCore */,
				B34C7C6D2D844A3600F228A2 /* FirebaseDatabase */,
				B34C7C6F2D844A3600F228A2 /* FirebaseFirestore */,
				B34C7C712D844A3600F228A2 /* FirebaseFunctions */,
				B34C7C732D844A3600F228A2 /* FirebaseFunctionsCombine-Community */,
				B34C7C752D844A3600F228A2 /* FirebaseStorage */,
			);
			productName = Baserh;
			productReference = B34C7C142D84487D00F228A2 /* Baserh.app */;
			productType = "com.apple.product-type.application";
		};
/* End PBXNativeTarget section */

/* Begin PBXProject section */
		B34C7C0C2D84487D00F228A2 /* Project object */ = {
			isa = PBXProject;
			attributes = {
				BuildIndependentTargetsInParallel = 1;
				LastSwiftUpdateCheck = 1620;
				LastUpgradeCheck = 1620;
				TargetAttributes = {
					B34C7C132D84487D00F228A2 = {
						CreatedOnToolsVersion = 16.2;
					};
				};
			};
			buildConfigurationList = B34C7C0F2D84487D00F228A2 /* Build configuration list for PBXProject "Baserh" */;
			developmentRegion = en;
			hasScannedForEncodings = 0;
			knownRegions = (
				en,
				Base,
			);
			mainGroup = B34C7C0B2D84487D00F228A2;
			minimizedProjectReferenceProxies = 1;
			packageReferences = (
				B34C7C622D844A3600F228A2 /* XCRemoteSwiftPackageReference "firebase-ios-sdk" */,
			);
			preferredProjectObjectVersion = 77;
			productRefGroup = B34C7C152D84487D00F228A2 /* Products */;
			projectDirPath = "";
			projectRoot = "";
			targets = (
				B34C7C132D84487D00F228A2 /* Baserh */,
			);
		};
/* End PBXProject section */

/* Begin PBXResourcesBuildPhase section */
		B34C7C122D84487D00F228A2 /* Resources */ = {
			isa = PBXResourcesBuildPhase;
			buildActionMask = 2147483647;
			files = (
			);
			runOnlyForDeploymentPostprocessing = 0;
		};
/* End PBXResourcesBuildPhase section */

/* Begin PBXSourcesBuildPhase section */
		B34C7C102D84487D00F228A2 /* Sources */ = {
			isa = PBXSourcesBuildPhase;
			buildActionMask = 2147483647;
			files = (
			);
			runOnlyForDeploymentPostprocessing = 0;
		};
/* End PBXSourcesBuildPhase section */

/* Begin XCBuildConfiguration section */
		B34C7C202D84487E00F228A2 /* Debug */ = {
			isa = XCBuildConfiguration;
			buildSettings = {
				ALWAYS_SEARCH_USER_PATHS = NO;
				ASSETCATALOG_COMPILER_GENERATE_SWIFT_ASSET_SYMBOL_EXTENSIONS = YES;
				CLANG_ANALYZER_NONNULL = YES;
				CLANG_ANALYZER_NUMBER_OBJECT_CONVERSION = YES_AGGRESSIVE;
				CLANG_CXX_LANGUAGE_STANDARD = "gnu++20";
				CLANG_ENABLE_MODULES = YES;
				CLANG_ENABLE_OBJC_ARC = YES;
				CLANG_ENABLE_OBJC_WEAK = YES;
				CLANG_WARN_BLOCK_CAPTURE_AUTORELEASING = YES;
				CLANG_WARN_BOOL_CONVERSION = YES;
				CLANG_WARN_COMMA = YES;
				CLANG_WARN_CONSTANT_CONVERSION = YES;
				CLANG_WARN_DEPRECATED_OBJC_IMPLEMENTATIONS = YES;
				CLANG_WARN_DIRECT_OBJC_ISA_USAGE = YES_ERROR;
				CLANG_WARN_DOCUMENTATION_COMMENTS = YES;
				CLANG_WARN_EMPTY_BODY = YES;
				CLANG_WARN_ENUM_CONVERSION = YES;
				CLANG_WARN_INFINITE_RECURSION = YES;
				CLANG_WARN_INT_CONVERSION = YES;
				CLANG_WARN_NON_LITERAL_NULL_CONVERSION = YES;
				CLANG_WARN_OBJC_IMPLICIT_RETAIN_SELF = YES;
				CLANG_WARN_OBJC_LITERAL_CONVERSION = YES;
				CLANG_WARN_OBJC_ROOT_CLASS = YES_ERROR;
				CLANG_WARN_QUOTED_INCLUDE_IN_FRAMEWORK_HEADER = YES;
				CLANG_WARN_RANGE_LOOP_ANALYSIS = YES;
				CLANG_WARN_STRICT_PROTOTYPES = YES;
				CLANG_WARN_SUSPICIOUS_MOVE = YES;
				CLANG_WARN_UNGUARDED_AVAILABILITY = YES_AGGRESSIVE;
				CLANG_WARN_UNREACHABLE_CODE = YES;
				CLANG_WARN__DUPLICATE_METHOD_MATCH = YES;
				COPY_PHASE_STRIP = NO;
				DEBUG_INFORMATION_FORMAT = dwarf;
				ENABLE_STRICT_OBJC_MSGSEND = YES;
				ENABLE_TESTABILITY = YES;
				ENABLE_USER_SCRIPT_SANDBOXING = YES;
				GCC_C_LANGUAGE_STANDARD = gnu17;
				GCC_DYNAMIC_NO_PIC = NO;
				GCC_NO_COMMON_BLOCKS = YES;
				GCC_OPTIMIZATION_LEVEL = 0;
				GCC_PREPROCESSOR_DEFINITIONS = (
					"DEBUG=1",
					"$(inherited)",
				);
				GCC_WARN_64_TO_32_BIT_CONVERSION = YES;
				GCC_WARN_ABOUT_RETURN_TYPE = YES_ERROR;
				GCC_WARN_UNDECLARED_SELECTOR = YES;
				GCC_WARN_UNINITIALIZED_AUTOS = YES_AGGRESSIVE;
				GCC_WARN_UNUSED_FUNCTION = YES;
				GCC_WARN_UNUSED_VARIABLE = YES;
				IPHONEOS_DEPLOYMENT_TARGET = 18.2;
				LOCALIZATION_PREFERS_STRING_CATALOGS = YES;
				MTL_ENABLE_DEBUG_INFO = INCLUDE_SOURCE;
				MTL_FAST_MATH = YES;
				ONLY_ACTIVE_ARCH = YES;
				SDKROOT = iphoneos;
				SWIFT_ACTIVE_COMPILATION_CONDITIONS = "DEBUG $(inherited)";
				SWIFT_OPTIMIZATION_LEVEL = "-Onone";
			};
			name = Debug;
		};
		B34C7C212D84487E00F228A2 /* Release */ = {
			isa = XCBuildConfiguration;
			buildSettings = {
				ALWAYS_SEARCH_USER_PATHS = NO;
				ASSETCATALOG_COMPILER_GENERATE_SWIFT_ASSET_SYMBOL_EXTENSIONS = YES;
				CLANG_ANALYZER_NONNULL = YES;
				CLANG_ANALYZER_NUMBER_OBJECT_CONVERSION = YES_AGGRESSIVE;
				CLANG_CXX_LANGUAGE_STANDARD = "gnu++20";
				CLANG_ENABLE_MODULES = YES;
				CLANG_ENABLE_OBJC_ARC = YES;
				CLANG_ENABLE_OBJC_WEAK = YES;
				CLANG_WARN_BLOCK_CAPTURE_AUTORELEASING = YES;
				CLANG_WARN_BOOL_CONVERSION = YES;
				CLANG_WARN_COMMA = YES;
				CLANG_WARN_CONSTANT_CONVERSION = YES;
				CLANG_WARN_DEPRECATED_OBJC_IMPLEMENTATIONS = YES;
				CLANG_WARN_DIRECT_OBJC_ISA_USAGE = YES_ERROR;
				CLANG_WARN_DOCUMENTATION_COMMENTS = YES;
				CLANG_WARN_EMPTY_BODY = YES;
				CLANG_WARN_ENUM_CONVERSION = YES;
				CLANG_WARN_INFINITE_RECURSION = YES;
				CLANG_WARN_INT_CONVERSION = YES;
				CLANG_WARN_NON_LITERAL_NULL_CONVERSION = YES;
				CLANG_WARN_OBJC_IMPLICIT_RETAIN_SELF = YES;
				CLANG_WARN_OBJC_LITERAL_CONVERSION = YES;
				CLANG_WARN_OBJC_ROOT_CLASS = YES_ERROR;
				CLANG_WARN_QUOTED_INCLUDE_IN_FRAMEWORK_HEADER = YES;
				CLANG_WARN_RANGE_LOOP_ANALYSIS = YES;
				CLANG_WARN_STRICT_PROTOTYPES = YES;
				CLANG_WARN_SUSPICIOUS_MOVE = YES;
				CLANG_WARN_UNGUARDED_AVAILABILITY = YES_AGGRESSIVE;
				CLANG_WARN_UNREACHABLE_CODE = YES;
				CLANG_WARN__DUPLICATE_METHOD_MATCH = YES;
				COPY_PHASE_STRIP = NO;
				DEBUG_INFORMATION_FORMAT = "dwarf-with-dsym";
				ENABLE_NS_ASSERTIONS = NO;
				ENABLE_STRICT_OBJC_MSGSEND = YES;
				ENABLE_USER_SCRIPT_SANDBOXING = YES;
				GCC_C_LANGUAGE_STANDARD = gnu17;
				GCC_NO_COMMON_BLOCKS = YES;
				GCC_WARN_64_TO_32_BIT_CONVERSION = YES;
				GCC_WARN_ABOUT_RETURN_TYPE = YES_ERROR;
				GCC_WARN_UNDECLARED_SELECTOR = YES;
				GCC_WARN_UNINITIALIZED_AUTOS = YES_AGGRESSIVE;
				GCC_WARN_UNUSED_FUNCTION = YES;
				GCC_WARN_UNUSED_VARIABLE = YES;
				IPHONEOS_DEPLOYMENT_TARGET = 18.2;
				LOCALIZATION_PREFERS_STRING_CATALOGS = YES;
				MTL_ENABLE_DEBUG_INFO = NO;
				MTL_FAST_MATH = YES;
				SDKROOT = iphoneos;
				SWIFT_COMPILATION_MODE = wholemodule;
				VALIDATE_PRODUCT = YES;
			};
			name = Release;
		};
		B34C7C232D84487E00F228A2 /* Debug */ = {
			isa = XCBuildConfiguration;
			buildSettings = {
				ASSETCATALOG_COMPILER_APPICON_NAME = AppIcon;
				ASSETCATALOG_COMPILER_GLOBAL_ACCENT_COLOR_NAME = AccentColor;
				CODE_SIGN_STYLE = Automatic;
				CURRENT_PROJECT_VERSION = 2;
				DEVELOPMENT_ASSET_PATHS = "\"Baserh/Preview Content\"";
				DEVELOPMENT_TEAM = WBAAMR6V99;
				ENABLE_PREVIEWS = YES;
				GENERATE_INFOPLIST_FILE = YES;
				INFOPLIST_KEY_NSCameraUsageDescription = "We need access to your camera to recognize objects.";
				INFOPLIST_KEY_UIApplicationSceneManifest_Generation = YES;
				INFOPLIST_KEY_UIApplicationSupportsIndirectInputEvents = YES;
				INFOPLIST_KEY_UILaunchScreen_Generation = YES;
				INFOPLIST_KEY_UISupportedInterfaceOrientations_iPad = "UIInterfaceOrientationPortrait UIInterfaceOrientationPortraitUpsideDown UIInterfaceOrientationLandscapeLeft UIInterfaceOrientationLandscapeRight";
				INFOPLIST_KEY_UISupportedInterfaceOrientations_iPhone = "UIInterfaceOrientationPortrait UIInterfaceOrientationLandscapeLeft UIInterfaceOrientationLandscapeRight";
				INFOPLIST_KEY_UIUserInterfaceStyle = Light;
				LD_RUNPATH_SEARCH_PATHS = (
					"$(inherited)",
					"@executable_path/Frameworks",
				);
				MARKETING_VERSION = 1.2;
				PRODUCT_BUNDLE_IDENTIFIER = basr.Baserh;
				PRODUCT_NAME = "$(TARGET_NAME)";
				SWIFT_EMIT_LOC_STRINGS = YES;
				SWIFT_VERSION = 5.0;
				TARGETED_DEVICE_FAMILY = "1,2";
			};
			name = Debug;
		};
		B34C7C242D84487E00F228A2 /* Release */ = {
			isa = XCBuildConfiguration;
			buildSettings = {
				ASSETCATALOG_COMPILER_APPICON_NAME = AppIcon;
				ASSETCATALOG_COMPILER_GLOBAL_ACCENT_COLOR_NAME = AccentColor;
				CODE_SIGN_STYLE = Automatic;
				CURRENT_PROJECT_VERSION = 2;
				DEVELOPMENT_ASSET_PATHS = "\"Baserh/Preview Content\"";
				DEVELOPMENT_TEAM = WBAAMR6V99;
				ENABLE_PREVIEWS = YES;
				GENERATE_INFOPLIST_FILE = YES;
				INFOPLIST_KEY_NSCameraUsageDescription = "We need access to your camera to recognize objects.";
				INFOPLIST_KEY_UIApplicationSceneManifest_Generation = YES;
				INFOPLIST_KEY_UIApplicationSupportsIndirectInputEvents = YES;
				INFOPLIST_KEY_UILaunchScreen_Generation = YES;
				INFOPLIST_KEY_UISupportedInterfaceOrientations_iPad = "UIInterfaceOrientationPortrait UIInterfaceOrientationPortraitUpsideDown UIInterfaceOrientationLandscapeLeft UIInterfaceOrientationLandscapeRight";
				INFOPLIST_KEY_UISupportedInterfaceOrientations_iPhone = "UIInterfaceOrientationPortrait UIInterfaceOrientationLandscapeLeft UIInterfaceOrientationLandscapeRight";
				INFOPLIST_KEY_UIUserInterfaceStyle = Light;
				LD_RUNPATH_SEARCH_PATHS = (
					"$(inherited)",
					"@executable_path/Frameworks",
				);
				MARKETING_VERSION = 1.2;
				PRODUCT_BUNDLE_IDENTIFIER = basr.Baserh;
				PRODUCT_NAME = "$(TARGET_NAME)";
				SWIFT_EMIT_LOC_STRINGS = YES;
				SWIFT_VERSION = 5.0;
				TARGETED_DEVICE_FAMILY = "1,2";
			};
			name = Release;
		};
/* End XCBuildConfiguration section */

/* Begin XCConfigurationList section */
		B34C7C0F2D84487D00F228A2 /* Build configuration list for PBXProject "Baserh" */ = {
			isa = XCConfigurationList;
			buildConfigurations = (
				B34C7C202D84487E00F228A2 /* Debug */,
				B34C7C212D84487E00F228A2 /* Release */,
			);
			defaultConfigurationIsVisible = 0;
			defaultConfigurationName = Release;
		};
		B34C7C222D84487E00F228A2 /* Build configuration list for PBXNativeTarget "Baserh" */ = {
			isa = XCConfigurationList;
			buildConfigurations = (
				B34C7C232D84487E00F228A2 /* Debug */,
				B34C7C242D84487E00F228A2 /* Release */,
			);
			defaultConfigurationIsVisible = 0;
			defaultConfigurationName = Release;
		};
/* End XCConfigurationList section */

/* Begin XCRemoteSwiftPackageReference section */
		B34C7C622D844A3600F228A2 /* XCRemoteSwiftPackageReference "firebase-ios-sdk" */ = {
			isa = XCRemoteSwiftPackageReference;
			repositoryURL = "https://github.com/firebase/firebase-ios-sdk.git";
			requirement = {
				kind = upToNextMajorVersion;
				minimumVersion = 11.9.0;
			};
		};
/* End XCRemoteSwiftPackageReference section */

/* Begin XCSwiftPackageProductDependency section */
		B34C7C632D844A3600F228A2 /* FirebaseAnalytics */ = {
			isa = XCSwiftPackageProductDependency;
			package = B34C7C622D844A3600F228A2 /* XCRemoteSwiftPackageReference "firebase-ios-sdk" */;
			productName = FirebaseAnalytics;
		};
		B34C7C652D844A3600F228A2 /* FirebaseAnalyticsWithoutAdIdSupport */ = {
			isa = XCSwiftPackageProductDependency;
			package = B34C7C622D844A3600F228A2 /* XCRemoteSwiftPackageReference "firebase-ios-sdk" */;
			productName = FirebaseAnalyticsWithoutAdIdSupport;
		};
		B34C7C672D844A3600F228A2 /* FirebaseAuth */ = {
			isa = XCSwiftPackageProductDependency;
			package = B34C7C622D844A3600F228A2 /* XCRemoteSwiftPackageReference "firebase-ios-sdk" */;
			productName = FirebaseAuth;
		};
		B34C7C692D844A3600F228A2 /* FirebaseAuthCombine-Community */ = {
			isa = XCSwiftPackageProductDependency;
			package = B34C7C622D844A3600F228A2 /* XCRemoteSwiftPackageReference "firebase-ios-sdk" */;
			productName = "FirebaseAuthCombine-Community";
		};
		B34C7C6B2D844A3600F228A2 /* FirebaseCore */ = {
			isa = XCSwiftPackageProductDependency;
			package = B34C7C622D844A3600F228A2 /* XCRemoteSwiftPackageReference "firebase-ios-sdk" */;
			productName = FirebaseCore;
		};
		B34C7C6D2D844A3600F228A2 /* FirebaseDatabase */ = {
			isa = XCSwiftPackageProductDependency;
			package = B34C7C622D844A3600F228A2 /* XCRemoteSwiftPackageReference "firebase-ios-sdk" */;
			productName = FirebaseDatabase;
		};
		B34C7C6F2D844A3600F228A2 /* FirebaseFirestore */ = {
			isa = XCSwiftPackageProductDependency;
			package = B34C7C622D844A3600F228A2 /* XCRemoteSwiftPackageReference "firebase-ios-sdk" */;
			productName = FirebaseFirestore;
		};
		B34C7C712D844A3600F228A2 /* FirebaseFunctions */ = {
			isa = XCSwiftPackageProductDependency;
			package = B34C7C622D844A3600F228A2 /* XCRemoteSwiftPackageReference "firebase-ios-sdk" */;
			productName = FirebaseFunctions;
		};
		B34C7C732D844A3600F228A2 /* FirebaseFunctionsCombine-Community */ = {
			isa = XCSwiftPackageProductDependency;
			package = B34C7C622D844A3600F228A2 /* XCRemoteSwiftPackageReference "firebase-ios-sdk" */;
			productName = "FirebaseFunctionsCombine-Community";
		};
		B34C7C752D844A3600F228A2 /* FirebaseStorage */ = {
			isa = XCSwiftPackageProductDependency;
			package = B34C7C622D844A3600F228A2 /* XCRemoteSwiftPackageReference "firebase-ios-sdk" */;
			productName = FirebaseStorage;
		};
/* End XCSwiftPackageProductDependency section */
	};
	rootObject = B34C7C0C2D84487D00F228A2 /* Project object */;
}
